
Microsoft Visual Studio Solution File, Format Version 12.00
# Visual Studio 2013
VisualStudioVersion = 12.0.30501.0
MinimumVisualStudioVersion = 10.0.40219.1
Project("{FAE04EC0-301F-11D3-BF4B-00C04F79EFBC}") = "CampusNext", "web\CampusNext.csproj", "{FB7ACAC8-E71A-43DF-A63B-71706065B473}"
EndProject
Project("{00D1A9C2-B5F0-4AF3-8072-F6C62B433612}") = "CampusNext.Products", "database\CampusNext.Products.sqlproj", "{043D3F80-F33F-4835-B432-6BA9BD2A2804}"
EndProject
Project("{2150E333-8FDC-42A3-9474-1A3956D46DE8}") = "PublishScripts", "PublishScripts", "{834C6358-CB07-4122-90A5-6021176AA867}"
	ProjectSection(SolutionItems) = preProject
		PublishScripts\AzureWebsitePublishModule.psm1 = PublishScripts\AzureWebsitePublishModule.psm1
		PublishScripts\Publish-WebApplicationWebsite.ps1 = PublishScripts\Publish-WebApplicationWebsite.ps1
	EndProjectSection
EndProject
Project("{2150E333-8FDC-42A3-9474-1A3956D46DE8}") = "Configurations", "Configurations", "{73B18B11-EBB9-4601-A061-11EFBE788545}"
	ProjectSection(SolutionItems) = preProject
		PublishScripts\Configurations\CampusNextServices-WAWS-dev.json = PublishScripts\Configurations\CampusNextServices-WAWS-dev.json
	EndProjectSection
EndProject
Project("{FAE04EC0-301F-11D3-BF4B-00C04F79EFBC}") = "CampusNext.Services", "services\CampusNext.Services.csproj", "{EB15C7AC-8F7A-421B-9504-FC0D6183AB7D}"
EndProject
Project("{FAE04EC0-301F-11D3-BF4B-00C04F79EFBC}") = "CampusNext.Products.Seeder", "..\CampusNext.Products.Seeder\CampusNext.Products.Seeder.csproj", "{3614B379-39C8-408A-AB33-3861F9BA07B7}"
EndProject
Project("{FAE04EC0-301F-11D3-BF4B-00C04F79EFBC}") = "CampusNext.DataAccess", "CampusNext.DataAccess\CampusNext.DataAccess.csproj", "{46361320-FC56-4264-8BFD-D62FC87C99AD}"
EndProject
Project("{FAE04EC0-301F-11D3-BF4B-00C04F79EFBC}") = "CampusNext.AzureSearch", "CampusNext.AzureSearch\CampusNext.AzureSearch.csproj", "{3D859AFD-6F83-404C-AF34-0CF8C6447300}"
EndProject
Project("{FAE04EC0-301F-11D3-BF4B-00C04F79EFBC}") = "CampusNext.IntegrationTests", "CampusNext.IntegrationTests\CampusNext.IntegrationTests.csproj", "{74ED5FBA-896D-43C6-A43B-5DAD0AC7F903}"
EndProject
Project("{FAE04EC0-301F-11D3-BF4B-00C04F79EFBC}") = "CampusNext.Entity", "CampusNext.Entity\CampusNext.Entity.csproj", "{F5FE4EB9-D381-407A-8FA2-2C302540CCB8}"
EndProject
Global
	GlobalSection(SolutionConfigurationPlatforms) = preSolution
		Debug|Any CPU = Debug|Any CPU
		Release|Any CPU = Release|Any CPU
	EndGlobalSection
	GlobalSection(ProjectConfigurationPlatforms) = postSolution
		{FB7ACAC8-E71A-43DF-A63B-71706065B473}.Debug|Any CPU.ActiveCfg = Debug|Any CPU
		{FB7ACAC8-E71A-43DF-A63B-71706065B473}.Debug|Any CPU.Build.0 = Debug|Any CPU
		{FB7ACAC8-E71A-43DF-A63B-71706065B473}.Release|Any CPU.ActiveCfg = Release|Any CPU
		{FB7ACAC8-E71A-43DF-A63B-71706065B473}.Release|Any CPU.Build.0 = Release|Any CPU
		{043D3F80-F33F-4835-B432-6BA9BD2A2804}.Debug|Any CPU.ActiveCfg = Debug|Any CPU
		{043D3F80-F33F-4835-B432-6BA9BD2A2804}.Debug|Any CPU.Build.0 = Debug|Any CPU
		{043D3F80-F33F-4835-B432-6BA9BD2A2804}.Debug|Any CPU.Deploy.0 = Debug|Any CPU
		{043D3F80-F33F-4835-B432-6BA9BD2A2804}.Release|Any CPU.ActiveCfg = Release|Any CPU
		{043D3F80-F33F-4835-B432-6BA9BD2A2804}.Release|Any CPU.Build.0 = Release|Any CPU
		{043D3F80-F33F-4835-B432-6BA9BD2A2804}.Release|Any CPU.Deploy.0 = Release|Any CPU
		{EB15C7AC-8F7A-421B-9504-FC0D6183AB7D}.Debug|Any CPU.ActiveCfg = Debug|Any CPU
		{EB15C7AC-8F7A-421B-9504-FC0D6183AB7D}.Debug|Any CPU.Build.0 = Debug|Any CPU
		{EB15C7AC-8F7A-421B-9504-FC0D6183AB7D}.Release|Any CPU.ActiveCfg = Release|Any CPU
		{EB15C7AC-8F7A-421B-9504-FC0D6183AB7D}.Release|Any CPU.Build.0 = Release|Any CPU
		{3614B379-39C8-408A-AB33-3861F9BA07B7}.Debug|Any CPU.ActiveCfg = Debug|Any CPU
		{3614B379-39C8-408A-AB33-3861F9BA07B7}.Debug|Any CPU.Build.0 = Debug|Any CPU
		{3614B379-39C8-408A-AB33-3861F9BA07B7}.Release|Any CPU.ActiveCfg = Release|Any CPU
		{3614B379-39C8-408A-AB33-3861F9BA07B7}.Release|Any CPU.Build.0 = Release|Any CPU
		{46361320-FC56-4264-8BFD-D62FC87C99AD}.Debug|Any CPU.ActiveCfg = Debug|Any CPU
		{46361320-FC56-4264-8BFD-D62FC87C99AD}.Debug|Any CPU.Build.0 = Debug|Any CPU
		{46361320-FC56-4264-8BFD-D62FC87C99AD}.Release|Any CPU.ActiveCfg = Release|Any CPU
		{46361320-FC56-4264-8BFD-D62FC87C99AD}.Release|Any CPU.Build.0 = Release|Any CPU
		{3D859AFD-6F83-404C-AF34-0CF8C6447300}.Debug|Any CPU.ActiveCfg = Debug|Any CPU
		{3D859AFD-6F83-404C-AF34-0CF8C6447300}.Debug|Any CPU.Build.0 = Debug|Any CPU
		{3D859AFD-6F83-404C-AF34-0CF8C6447300}.Release|Any CPU.ActiveCfg = Release|Any CPU
		{3D859AFD-6F83-404C-AF34-0CF8C6447300}.Release|Any CPU.Build.0 = Release|Any CPU
		{74ED5FBA-896D-43C6-A43B-5DAD0AC7F903}.Debug|Any CPU.ActiveCfg = Debug|Any CPU
		{74ED5FBA-896D-43C6-A43B-5DAD0AC7F903}.Debug|Any CPU.Build.0 = Debug|Any CPU
		{74ED5FBA-896D-43C6-A43B-5DAD0AC7F903}.Release|Any CPU.ActiveCfg = Release|Any CPU
		{74ED5FBA-896D-43C6-A43B-5DAD0AC7F903}.Release|Any CPU.Build.0 = Release|Any CPU
		{F5FE4EB9-D381-407A-8FA2-2C302540CCB8}.Debug|Any CPU.ActiveCfg = Debug|Any CPU
		{F5FE4EB9-D381-407A-8FA2-2C302540CCB8}.Debug|Any CPU.Build.0 = Debug|Any CPU
		{F5FE4EB9-D381-407A-8FA2-2C302540CCB8}.Release|Any CPU.ActiveCfg = Release|Any CPU
		{F5FE4EB9-D381-407A-8FA2-2C302540CCB8}.Release|Any CPU.Build.0 = Release|Any CPU
	EndGlobalSection
	GlobalSection(SolutionProperties) = preSolution
		HideSolutionNode = FALSE
	EndGlobalSection
	GlobalSection(NestedProjects) = preSolution
		{73B18B11-EBB9-4601-A061-11EFBE788545} = {834C6358-CB07-4122-90A5-6021176AA867}
	EndGlobalSection
EndGlobal
